
Microsoft Visual Studio Solution File, Format Version 12.00
# Visual Studio 2013
VisualStudioVersion = 12.0.40629.0
MinimumVisualStudioVersion = 10.0.40219.1
Project("{FAE04EC0-301F-11D3-BF4B-00C04F79EFBC}") = "CorujaPresentation", "CorujaPresentation\CorujaPresentation.csproj", "{D03A1AB1-C35F-4B5A-93A0-CCC5C32D2C2D}"
EndProject
Global
	GlobalSection(SolutionConfigurationPlatforms) = preSolution
		Debug|Any CPU = Debug|Any CPU
		Release|Any CPU = Release|Any CPU
	EndGlobalSection
	GlobalSection(ProjectConfigurationPlatforms) = postSolution
		{D03A1AB1-C35F-4B5A-93A0-CCC5C32D2C2D}.Debug|Any CPU.ActiveCfg = Debug|Any CPU
		{D03A1AB1-C35F-4B5A-93A0-CCC5C32D2C2D}.Debug|Any CPU.Build.0 = Debug|Any CPU
		{D03A1AB1-C35F-4B5A-93A0-CCC5C32D2C2D}.Release|Any CPU.ActiveCfg = Release|Any CPU
		{D03A1AB1-C35F-4B5A-93A0-CCC5C32D2C2D}.Release|Any CPU.Build.0 = Release|Any CPU
	EndGlobalSection
	GlobalSection(SolutionProperties) = preSolution
		HideSolutionNode = FALSE
	EndGlobalSection
EndGlobal
